# This file is automatically @generated by Cargo.
# It is not intended for manual editing.
version = 3

[[package]]
name = "html-to-kotlin"
version = "0.0.0"
dependencies = [
 "main_error",
 "tl",
]

[[package]]
name = "main_error"
version = "0.1.2"
source = "registry+https://github.com/rust-lang/crates.io-index"
checksum = "155db5e86c6e45ee456bf32fad5a290ee1f7151c2faca27ea27097568da67d1a"

[[package]]
name = "tl"
version = "0.7.7"
source = "registry+https://github.com/rust-lang/crates.io-index"
checksum = "d5e993a1c7c32fdf90a308cec4d457f507b2573acc909bd6e7a092321664fdb3"
